{
  "requires": true,
  "lockfileVersion": 1,
  "dependencies": {
    "dateformat": {
      "version": "4.0.0",
      "resolved": "https://registry.npmjs.org/dateformat/-/dateformat-4.0.0.tgz",
      "integrity": "sha512-zpKyDYpeePyYGJp2HhRxLHlA+jZQNjt+MwmcVmLxCIECeC4Ks3TI3yk/CSMKylbnCJ5htonfOugYtRRTpyoHow=="
    }
  }
}
